// !$*UTF8*$!
{
	archiveVersion = 1;
	classes = {
	};
	objectVersion = 54;
	objects = {

/* Begin PBXBuildFile section */
		07068386259C1251004B7A78 /* GameViewController.swift in Sources */ = {isa = PBXBuildFile; fileRef = 07068383259C1251004B7A78 /* GameViewController.swift */; };
		07068387259C1251004B7A78 /* GameBuilder.swift in Sources */ = {isa = PBXBuildFile; fileRef = 07068384259C1251004B7A78 /* GameBuilder.swift */; };
		07068388259C1251004B7A78 /* GameInteractor.swift in Sources */ = {isa = PBXBuildFile; fileRef = 07068385259C1251004B7A78 /* GameInteractor.swift */; };
		0706838E259C1636004B7A78 /* NewGameViewController.swift in Sources */ = {isa = PBXBuildFile; fileRef = 0706838B259C1636004B7A78 /* NewGameViewController.swift */; };
		0706838F259C1636004B7A78 /* NewGameBuilder.swift in Sources */ = {isa = PBXBuildFile; fileRef = 0706838C259C1636004B7A78 /* NewGameBuilder.swift */; };
		07068390259C1636004B7A78 /* NewGameInteractor.swift in Sources */ = {isa = PBXBuildFile; fileRef = 0706838D259C1636004B7A78 /* NewGameInteractor.swift */; };
		07068397259C33F9004B7A78 /* NewRoundViewController.swift in Sources */ = {isa = PBXBuildFile; fileRef = 07068394259C33F9004B7A78 /* NewRoundViewController.swift */; };
		07068398259C33F9004B7A78 /* NewRoundBuilder.swift in Sources */ = {isa = PBXBuildFile; fileRef = 07068395259C33F9004B7A78 /* NewRoundBuilder.swift */; };
		07068399259C33F9004B7A78 /* NewRoundInteractor.swift in Sources */ = {isa = PBXBuildFile; fileRef = 07068396259C33F9004B7A78 /* NewRoundInteractor.swift */; };
		070683D0259CFCA4004B7A78 /* FiveUI.framework in Frameworks */ = {isa = PBXBuildFile; fileRef = 070683CF259CFCA4004B7A78 /* FiveUI.framework */; };
		070683D1259CFCA4004B7A78 /* FiveUI.framework in Embed Frameworks */ = {isa = PBXBuildFile; fileRef = 070683CF259CFCA4004B7A78 /* FiveUI.framework */; settings = {ATTRIBUTES = (CodeSignOnCopy, RemoveHeadersOnCopy, ); }; };
		070683DE259D02CA004B7A78 /* Optionals.swift in Sources */ = {isa = PBXBuildFile; fileRef = 070683DD259D02CA004B7A78 /* Optionals.swift */; };
		070683E8259D072C004B7A78 /* ScoreCardViewController.swift in Sources */ = {isa = PBXBuildFile; fileRef = 070683E4259D072C004B7A78 /* ScoreCardViewController.swift */; };
		070683E9259D072C004B7A78 /* ScoreCardBuilder.swift in Sources */ = {isa = PBXBuildFile; fileRef = 070683E5259D072C004B7A78 /* ScoreCardBuilder.swift */; };
		070683EA259D072C004B7A78 /* ScoreCardInteractor.swift in Sources */ = {isa = PBXBuildFile; fileRef = 070683E6259D072C004B7A78 /* ScoreCardInteractor.swift */; };
		070683FF259D22F8004B7A78 /* NewGameAddPlayerCell.swift in Sources */ = {isa = PBXBuildFile; fileRef = 070683FE259D22F8004B7A78 /* NewGameAddPlayerCell.swift */; };
		07068403259D27A4004B7A78 /* NewGameScoreLimitCell.swift in Sources */ = {isa = PBXBuildFile; fileRef = 07068402259D27A4004B7A78 /* NewGameScoreLimitCell.swift */; };
		072F8162259A4D48005EE56B /* NeedleFoundation.framework in Frameworks */ = {isa = PBXBuildFile; fileRef = 072F8161259A4D48005EE56B /* NeedleFoundation.framework */; };
		072F8163259A4D48005EE56B /* NeedleFoundation.framework in Embed Frameworks */ = {isa = PBXBuildFile; fileRef = 072F8161259A4D48005EE56B /* NeedleFoundation.framework */; settings = {ATTRIBUTES = (CodeSignOnCopy, RemoveHeadersOnCopy, ); }; };
		072F8168259A4D4D005EE56B /* SnapKit.framework in Frameworks */ = {isa = PBXBuildFile; fileRef = 072F8167259A4D4D005EE56B /* SnapKit.framework */; };
		072F8169259A4D4D005EE56B /* SnapKit.framework in Embed Frameworks */ = {isa = PBXBuildFile; fileRef = 072F8167259A4D4D005EE56B /* SnapKit.framework */; settings = {ATTRIBUTES = (CodeSignOnCopy, RemoveHeadersOnCopy, ); }; };
		072F816D259A4D57005EE56B /* ShortRibs.framework in Frameworks */ = {isa = PBXBuildFile; fileRef = 072F816C259A4D57005EE56B /* ShortRibs.framework */; };
		072F816E259A4D57005EE56B /* ShortRibs.framework in Embed Frameworks */ = {isa = PBXBuildFile; fileRef = 072F816C259A4D57005EE56B /* ShortRibs.framework */; settings = {ATTRIBUTES = (CodeSignOnCopy, RemoveHeadersOnCopy, ); }; };
		072F817F259A4E99005EE56B /* RootViewController.swift in Sources */ = {isa = PBXBuildFile; fileRef = 072F817C259A4E99005EE56B /* RootViewController.swift */; };
		072F8180259A4E99005EE56B /* RootBuilder.swift in Sources */ = {isa = PBXBuildFile; fileRef = 072F817D259A4E99005EE56B /* RootBuilder.swift */; };
		072F8181259A4E99005EE56B /* RootInteractor.swift in Sources */ = {isa = PBXBuildFile; fileRef = 072F817E259A4E99005EE56B /* RootInteractor.swift */; };
		072F818A259A51FD005EE56B /* DependencyGraph.swift in Sources */ = {isa = PBXBuildFile; fileRef = 072F8189259A51FD005EE56B /* DependencyGraph.swift */; };
		072F8192259A523F005EE56B /* MainViewController.swift in Sources */ = {isa = PBXBuildFile; fileRef = 072F818F259A523F005EE56B /* MainViewController.swift */; };
		072F8193259A523F005EE56B /* MainBuilder.swift in Sources */ = {isa = PBXBuildFile; fileRef = 072F8190259A523F005EE56B /* MainBuilder.swift */; };
		072F8194259A523F005EE56B /* MainInteractor.swift in Sources */ = {isa = PBXBuildFile; fileRef = 072F8191259A523F005EE56B /* MainInteractor.swift */; };
		072F81A9259A5D76005EE56B /* Mocks.swift in Sources */ = {isa = PBXBuildFile; fileRef = 072F81A8259A5D76005EE56B /* Mocks.swift */; };
		072F81B2259A5D9E005EE56B /* RootInteractorTests.swift in Sources */ = {isa = PBXBuildFile; fileRef = 072F81B1259A5D9E005EE56B /* RootInteractorTests.swift */; };
		072F81B6259A5EBA005EE56B /* RootViewControllerTests.swift in Sources */ = {isa = PBXBuildFile; fileRef = 072F81B5259A5EBA005EE56B /* RootViewControllerTests.swift */; };
		072F81BC259A5FC3005EE56B /* FiveViewController.swift in Sources */ = {isa = PBXBuildFile; fileRef = 072F81B9259A5FC3005EE56B /* FiveViewController.swift */; };
		072F81BD259A5FC3005EE56B /* FiveBuilder.swift in Sources */ = {isa = PBXBuildFile; fileRef = 072F81BA259A5FC3005EE56B /* FiveBuilder.swift */; };
		072F81BE259A5FC3005EE56B /* FiveInteractor.swift in Sources */ = {isa = PBXBuildFile; fileRef = 072F81BB259A5FC3005EE56B /* FiveInteractor.swift */; };
		072F81C3259A6220005EE56B /* GameStorageManager.swift in Sources */ = {isa = PBXBuildFile; fileRef = 072F81C2259A6220005EE56B /* GameStorageManager.swift */; };
		072F81C7259A62BD005EE56B /* ScoreFive.xcdatamodeld in Sources */ = {isa = PBXBuildFile; fileRef = 072F81C5259A62BD005EE56B /* ScoreFive.xcdatamodeld */; };
		072F81CC259A63E3005EE56B /* MainInteractorTests.swift in Sources */ = {isa = PBXBuildFile; fileRef = 072F81CB259A63E3005EE56B /* MainInteractorTests.swift */; };
		072F81D0259A6451005EE56B /* MainViewControllerTests.swift in Sources */ = {isa = PBXBuildFile; fileRef = 072F81CF259A6451005EE56B /* MainViewControllerTests.swift */; };
		072F81D4259A658F005EE56B /* FiveInteractorTests.swift in Sources */ = {isa = PBXBuildFile; fileRef = 072F81D3259A658F005EE56B /* FiveInteractorTests.swift */; };
		072F81D8259A65E1005EE56B /* FiveViewControllerTests.swift in Sources */ = {isa = PBXBuildFile; fileRef = 072F81D7259A65E1005EE56B /* FiveViewControllerTests.swift */; };
		072F822F259AA2DF005EE56B /* ScoreKeeping.framework in Frameworks */ = {isa = PBXBuildFile; fileRef = 072F822E259AA2DF005EE56B /* ScoreKeeping.framework */; };
		072F8230259AA2DF005EE56B /* ScoreKeeping.framework in Embed Frameworks */ = {isa = PBXBuildFile; fileRef = 072F822E259AA2DF005EE56B /* ScoreKeeping.framework */; settings = {ATTRIBUTES = (CodeSignOnCopy, RemoveHeadersOnCopy, ); }; };
		072F8235259AC06E005EE56B /* GameRecord.swift in Sources */ = {isa = PBXBuildFile; fileRef = 072F8233259AC06E005EE56B /* GameRecord.swift */; };
		072F825B259C0565005EE56B /* ActiveGameStream.swift in Sources */ = {isa = PBXBuildFile; fileRef = 072F825A259C0565005EE56B /* ActiveGameStream.swift */; };
		072F8263259C0908005EE56B /* HomeViewController.swift in Sources */ = {isa = PBXBuildFile; fileRef = 072F8260259C0908005EE56B /* HomeViewController.swift */; };
		072F8264259C0908005EE56B /* HomeBuilder.swift in Sources */ = {isa = PBXBuildFile; fileRef = 072F8261259C0908005EE56B /* HomeBuilder.swift */; };
		072F8265259C0908005EE56B /* HomeInteractor.swift in Sources */ = {isa = PBXBuildFile; fileRef = 072F8262259C0908005EE56B /* HomeInteractor.swift */; };
		077178B3259FB1FF00DD5E84 /* NewGamePlayerNameCell.swift in Sources */ = {isa = PBXBuildFile; fileRef = 077178B2259FB1FF00DD5E84 /* NewGamePlayerNameCell.swift */; };
		07B6647925A24BDC00A994A8 /* NewGameSectionHeaderView.swift in Sources */ = {isa = PBXBuildFile; fileRef = 07B6647825A24BDC00A994A8 /* NewGameSectionHeaderView.swift */; };
		07B6647D25A2528C00A994A8 /* NewGameSectionFooterView.swift in Sources */ = {isa = PBXBuildFile; fileRef = 07B6647C25A2528B00A994A8 /* NewGameSectionFooterView.swift */; };
		07C38CD1259FCEFA00A9AFCD /* NewGameButton.swift in Sources */ = {isa = PBXBuildFile; fileRef = 07C38CD0259FCEFA00A9AFCD /* NewGameButton.swift */; };
		07C38CD5259FD8E900A9AFCD /* GameHeaderView.swift in Sources */ = {isa = PBXBuildFile; fileRef = 07C38CD4259FD8E900A9AFCD /* GameHeaderView.swift */; };
		07C38CDA259FEA6F00A9AFCD /* AddRoundButton.swift in Sources */ = {isa = PBXBuildFile; fileRef = 07C38CD9259FEA6F00A9AFCD /* AddRoundButton.swift */; };
		07C38CDE259FEE6000A9AFCD /* GameRoundCell.swift in Sources */ = {isa = PBXBuildFile; fileRef = 07C38CDD259FEE6000A9AFCD /* GameRoundCell.swift */; };
		07C4473825A00C5100626A2A /* GameFooterView.swift in Sources */ = {isa = PBXBuildFile; fileRef = 07C4473725A00C5100626A2A /* GameFooterView.swift */; };
		07E6F00B259980E300AEF80A /* ScoreFiveAppDelegate.swift in Sources */ = {isa = PBXBuildFile; fileRef = 07E6F00A259980E300AEF80A /* ScoreFiveAppDelegate.swift */; };
		07E6F00D259980E300AEF80A /* ScoreFiveSceneDelegate.swift in Sources */ = {isa = PBXBuildFile; fileRef = 07E6F00C259980E300AEF80A /* ScoreFiveSceneDelegate.swift */; };
		07E6F014259980E500AEF80A /* Assets.xcassets in Resources */ = {isa = PBXBuildFile; fileRef = 07E6F013259980E500AEF80A /* Assets.xcassets */; };
		07E6F017259980E500AEF80A /* LaunchScreen.storyboard in Resources */ = {isa = PBXBuildFile; fileRef = 07E6F015259980E500AEF80A /* LaunchScreen.storyboard */; };
/* End PBXBuildFile section */

/* Begin PBXContainerItemProxy section */
		07E6F01E259980E500AEF80A /* PBXContainerItemProxy */ = {
			isa = PBXContainerItemProxy;
			containerPortal = 07E6EFFF259980E300AEF80A /* Project object */;
			proxyType = 1;
			remoteGlobalIDString = 07E6F006259980E300AEF80A;
			remoteInfo = ScoreFive;
		};
/* End PBXContainerItemProxy section */

/* Begin PBXCopyFilesBuildPhase section */
		072F8164259A4D49005EE56B /* Embed Frameworks */ = {
			isa = PBXCopyFilesBuildPhase;
			buildActionMask = 2147483647;
			dstPath = "";
			dstSubfolderSpec = 10;
			files = (
				070683D1259CFCA4004B7A78 /* FiveUI.framework in Embed Frameworks */,
				072F8163259A4D48005EE56B /* NeedleFoundation.framework in Embed Frameworks */,
				072F8230259AA2DF005EE56B /* ScoreKeeping.framework in Embed Frameworks */,
				072F816E259A4D57005EE56B /* ShortRibs.framework in Embed Frameworks */,
				072F8169259A4D4D005EE56B /* SnapKit.framework in Embed Frameworks */,
			);
			name = "Embed Frameworks";
			runOnlyForDeploymentPostprocessing = 0;
		};
/* End PBXCopyFilesBuildPhase section */

/* Begin PBXFileReference section */
		07068383259C1251004B7A78 /* GameViewController.swift */ = {isa = PBXFileReference; lastKnownFileType = sourcecode.swift; path = GameViewController.swift; sourceTree = "<group>"; };
		07068384259C1251004B7A78 /* GameBuilder.swift */ = {isa = PBXFileReference; lastKnownFileType = sourcecode.swift; path = GameBuilder.swift; sourceTree = "<group>"; };
		07068385259C1251004B7A78 /* GameInteractor.swift */ = {isa = PBXFileReference; lastKnownFileType = sourcecode.swift; path = GameInteractor.swift; sourceTree = "<group>"; };
		0706838B259C1636004B7A78 /* NewGameViewController.swift */ = {isa = PBXFileReference; lastKnownFileType = sourcecode.swift; path = NewGameViewController.swift; sourceTree = "<group>"; };
		0706838C259C1636004B7A78 /* NewGameBuilder.swift */ = {isa = PBXFileReference; lastKnownFileType = sourcecode.swift; path = NewGameBuilder.swift; sourceTree = "<group>"; };
		0706838D259C1636004B7A78 /* NewGameInteractor.swift */ = {isa = PBXFileReference; lastKnownFileType = sourcecode.swift; path = NewGameInteractor.swift; sourceTree = "<group>"; };
		07068394259C33F9004B7A78 /* NewRoundViewController.swift */ = {isa = PBXFileReference; lastKnownFileType = sourcecode.swift; path = NewRoundViewController.swift; sourceTree = "<group>"; };
		07068395259C33F9004B7A78 /* NewRoundBuilder.swift */ = {isa = PBXFileReference; lastKnownFileType = sourcecode.swift; path = NewRoundBuilder.swift; sourceTree = "<group>"; };
		07068396259C33F9004B7A78 /* NewRoundInteractor.swift */ = {isa = PBXFileReference; lastKnownFileType = sourcecode.swift; path = NewRoundInteractor.swift; sourceTree = "<group>"; };
		070683CF259CFCA4004B7A78 /* FiveUI.framework */ = {isa = PBXFileReference; explicitFileType = wrapper.framework; path = FiveUI.framework; sourceTree = BUILT_PRODUCTS_DIR; };
		070683DD259D02CA004B7A78 /* Optionals.swift */ = {isa = PBXFileReference; lastKnownFileType = sourcecode.swift; path = Optionals.swift; sourceTree = "<group>"; };
		070683E4259D072C004B7A78 /* ScoreCardViewController.swift */ = {isa = PBXFileReference; lastKnownFileType = sourcecode.swift; path = ScoreCardViewController.swift; sourceTree = "<group>"; };
		070683E5259D072C004B7A78 /* ScoreCardBuilder.swift */ = {isa = PBXFileReference; lastKnownFileType = sourcecode.swift; path = ScoreCardBuilder.swift; sourceTree = "<group>"; };
		070683E6259D072C004B7A78 /* ScoreCardInteractor.swift */ = {isa = PBXFileReference; lastKnownFileType = sourcecode.swift; path = ScoreCardInteractor.swift; sourceTree = "<group>"; };
		070683FE259D22F8004B7A78 /* NewGameAddPlayerCell.swift */ = {isa = PBXFileReference; lastKnownFileType = sourcecode.swift; path = NewGameAddPlayerCell.swift; sourceTree = "<group>"; };
		07068402259D27A4004B7A78 /* NewGameScoreLimitCell.swift */ = {isa = PBXFileReference; lastKnownFileType = sourcecode.swift; path = NewGameScoreLimitCell.swift; sourceTree = "<group>"; };
		072F8161259A4D48005EE56B /* NeedleFoundation.framework */ = {isa = PBXFileReference; explicitFileType = wrapper.framework; path = NeedleFoundation.framework; sourceTree = BUILT_PRODUCTS_DIR; };
		072F8167259A4D4D005EE56B /* SnapKit.framework */ = {isa = PBXFileReference; explicitFileType = wrapper.framework; path = SnapKit.framework; sourceTree = BUILT_PRODUCTS_DIR; };
		072F816C259A4D57005EE56B /* ShortRibs.framework */ = {isa = PBXFileReference; explicitFileType = wrapper.framework; path = ShortRibs.framework; sourceTree = BUILT_PRODUCTS_DIR; };
		072F817C259A4E99005EE56B /* RootViewController.swift */ = {isa = PBXFileReference; lastKnownFileType = sourcecode.swift; path = RootViewController.swift; sourceTree = "<group>"; };
		072F817D259A4E99005EE56B /* RootBuilder.swift */ = {isa = PBXFileReference; lastKnownFileType = sourcecode.swift; path = RootBuilder.swift; sourceTree = "<group>"; };
		072F817E259A4E99005EE56B /* RootInteractor.swift */ = {isa = PBXFileReference; lastKnownFileType = sourcecode.swift; path = RootInteractor.swift; sourceTree = "<group>"; };
		072F8189259A51FD005EE56B /* DependencyGraph.swift */ = {isa = PBXFileReference; fileEncoding = 4; lastKnownFileType = sourcecode.swift; path = DependencyGraph.swift; sourceTree = "<group>"; };
		072F818F259A523F005EE56B /* MainViewController.swift */ = {isa = PBXFileReference; lastKnownFileType = sourcecode.swift; path = MainViewController.swift; sourceTree = "<group>"; };
		072F8190259A523F005EE56B /* MainBuilder.swift */ = {isa = PBXFileReference; lastKnownFileType = sourcecode.swift; path = MainBuilder.swift; sourceTree = "<group>"; };
		072F8191259A523F005EE56B /* MainInteractor.swift */ = {isa = PBXFileReference; lastKnownFileType = sourcecode.swift; path = MainInteractor.swift; sourceTree = "<group>"; };
		072F81A8259A5D76005EE56B /* Mocks.swift */ = {isa = PBXFileReference; fileEncoding = 4; lastKnownFileType = sourcecode.swift; path = Mocks.swift; sourceTree = "<group>"; };
		072F81B1259A5D9E005EE56B /* RootInteractorTests.swift */ = {isa = PBXFileReference; lastKnownFileType = sourcecode.swift; path = RootInteractorTests.swift; sourceTree = "<group>"; };
		072F81B5259A5EBA005EE56B /* RootViewControllerTests.swift */ = {isa = PBXFileReference; lastKnownFileType = sourcecode.swift; path = RootViewControllerTests.swift; sourceTree = "<group>"; };
		072F81B9259A5FC3005EE56B /* FiveViewController.swift */ = {isa = PBXFileReference; lastKnownFileType = sourcecode.swift; path = FiveViewController.swift; sourceTree = "<group>"; };
		072F81BA259A5FC3005EE56B /* FiveBuilder.swift */ = {isa = PBXFileReference; lastKnownFileType = sourcecode.swift; path = FiveBuilder.swift; sourceTree = "<group>"; };
		072F81BB259A5FC3005EE56B /* FiveInteractor.swift */ = {isa = PBXFileReference; lastKnownFileType = sourcecode.swift; path = FiveInteractor.swift; sourceTree = "<group>"; };
		072F81C2259A6220005EE56B /* GameStorageManager.swift */ = {isa = PBXFileReference; lastKnownFileType = sourcecode.swift; path = GameStorageManager.swift; sourceTree = "<group>"; };
		072F81C6259A62BD005EE56B /* ScoreFive.xcdatamodel */ = {isa = PBXFileReference; lastKnownFileType = wrapper.xcdatamodel; path = ScoreFive.xcdatamodel; sourceTree = "<group>"; };
		072F81CB259A63E3005EE56B /* MainInteractorTests.swift */ = {isa = PBXFileReference; lastKnownFileType = sourcecode.swift; path = MainInteractorTests.swift; sourceTree = "<group>"; };
		072F81CF259A6451005EE56B /* MainViewControllerTests.swift */ = {isa = PBXFileReference; lastKnownFileType = sourcecode.swift; path = MainViewControllerTests.swift; sourceTree = "<group>"; };
		072F81D3259A658F005EE56B /* FiveInteractorTests.swift */ = {isa = PBXFileReference; lastKnownFileType = sourcecode.swift; path = FiveInteractorTests.swift; sourceTree = "<group>"; };
		072F81D7259A65E1005EE56B /* FiveViewControllerTests.swift */ = {isa = PBXFileReference; lastKnownFileType = sourcecode.swift; path = FiveViewControllerTests.swift; sourceTree = "<group>"; };
		072F822E259AA2DF005EE56B /* ScoreKeeping.framework */ = {isa = PBXFileReference; explicitFileType = wrapper.framework; path = ScoreKeeping.framework; sourceTree = BUILT_PRODUCTS_DIR; };
		072F8233259AC06E005EE56B /* GameRecord.swift */ = {isa = PBXFileReference; lastKnownFileType = sourcecode.swift; path = GameRecord.swift; sourceTree = "<group>"; };
		072F825A259C0565005EE56B /* ActiveGameStream.swift */ = {isa = PBXFileReference; lastKnownFileType = sourcecode.swift; path = ActiveGameStream.swift; sourceTree = "<group>"; };
		072F8260259C0908005EE56B /* HomeViewController.swift */ = {isa = PBXFileReference; lastKnownFileType = sourcecode.swift; path = HomeViewController.swift; sourceTree = "<group>"; };
		072F8261259C0908005EE56B /* HomeBuilder.swift */ = {isa = PBXFileReference; lastKnownFileType = sourcecode.swift; path = HomeBuilder.swift; sourceTree = "<group>"; };
		072F8262259C0908005EE56B /* HomeInteractor.swift */ = {isa = PBXFileReference; lastKnownFileType = sourcecode.swift; path = HomeInteractor.swift; sourceTree = "<group>"; };
		077178B2259FB1FF00DD5E84 /* NewGamePlayerNameCell.swift */ = {isa = PBXFileReference; lastKnownFileType = sourcecode.swift; path = NewGamePlayerNameCell.swift; sourceTree = "<group>"; };
		07B6647825A24BDC00A994A8 /* NewGameSectionHeaderView.swift */ = {isa = PBXFileReference; lastKnownFileType = sourcecode.swift; path = NewGameSectionHeaderView.swift; sourceTree = "<group>"; };
		07B6647C25A2528B00A994A8 /* NewGameSectionFooterView.swift */ = {isa = PBXFileReference; lastKnownFileType = sourcecode.swift; path = NewGameSectionFooterView.swift; sourceTree = "<group>"; };
		07C38CD0259FCEFA00A9AFCD /* NewGameButton.swift */ = {isa = PBXFileReference; lastKnownFileType = sourcecode.swift; path = NewGameButton.swift; sourceTree = "<group>"; };
		07C38CD4259FD8E900A9AFCD /* GameHeaderView.swift */ = {isa = PBXFileReference; lastKnownFileType = sourcecode.swift; path = GameHeaderView.swift; sourceTree = "<group>"; };
		07C38CD9259FEA6F00A9AFCD /* AddRoundButton.swift */ = {isa = PBXFileReference; lastKnownFileType = sourcecode.swift; path = AddRoundButton.swift; sourceTree = "<group>"; };
		07C38CDD259FEE6000A9AFCD /* GameRoundCell.swift */ = {isa = PBXFileReference; lastKnownFileType = sourcecode.swift; path = GameRoundCell.swift; sourceTree = "<group>"; };
		07C4473725A00C5100626A2A /* GameFooterView.swift */ = {isa = PBXFileReference; lastKnownFileType = sourcecode.swift; path = GameFooterView.swift; sourceTree = "<group>"; };
		07E6F007259980E300AEF80A /* ScoreFive.app */ = {isa = PBXFileReference; explicitFileType = wrapper.application; includeInIndex = 0; path = ScoreFive.app; sourceTree = BUILT_PRODUCTS_DIR; };
		07E6F00A259980E300AEF80A /* ScoreFiveAppDelegate.swift */ = {isa = PBXFileReference; lastKnownFileType = sourcecode.swift; path = ScoreFiveAppDelegate.swift; sourceTree = "<group>"; };
		07E6F00C259980E300AEF80A /* ScoreFiveSceneDelegate.swift */ = {isa = PBXFileReference; lastKnownFileType = sourcecode.swift; path = ScoreFiveSceneDelegate.swift; sourceTree = "<group>"; };
		07E6F013259980E500AEF80A /* Assets.xcassets */ = {isa = PBXFileReference; lastKnownFileType = folder.assetcatalog; path = Assets.xcassets; sourceTree = "<group>"; };
		07E6F016259980E500AEF80A /* Base */ = {isa = PBXFileReference; lastKnownFileType = file.storyboard; name = Base; path = Base.lproj/LaunchScreen.storyboard; sourceTree = "<group>"; };
		07E6F018259980E500AEF80A /* Info.plist */ = {isa = PBXFileReference; lastKnownFileType = text.plist.xml; path = Info.plist; sourceTree = "<group>"; };
		07E6F01D259980E500AEF80A /* ScoreFiveTests.xctest */ = {isa = PBXFileReference; explicitFileType = wrapper.cfbundle; includeInIndex = 0; path = ScoreFiveTests.xctest; sourceTree = BUILT_PRODUCTS_DIR; };
		07E6F023259980E500AEF80A /* Info.plist */ = {isa = PBXFileReference; lastKnownFileType = text.plist.xml; path = Info.plist; sourceTree = "<group>"; };
/* End PBXFileReference section */

/* Begin PBXFrameworksBuildPhase section */
		07E6F004259980E300AEF80A /* Frameworks */ = {
			isa = PBXFrameworksBuildPhase;
			buildActionMask = 2147483647;
			files = (
				070683D0259CFCA4004B7A78 /* FiveUI.framework in Frameworks */,
				072F8162259A4D48005EE56B /* NeedleFoundation.framework in Frameworks */,
				072F822F259AA2DF005EE56B /* ScoreKeeping.framework in Frameworks */,
				072F816D259A4D57005EE56B /* ShortRibs.framework in Frameworks */,
				072F8168259A4D4D005EE56B /* SnapKit.framework in Frameworks */,
			);
			runOnlyForDeploymentPostprocessing = 0;
		};
		07E6F01A259980E500AEF80A /* Frameworks */ = {
			isa = PBXFrameworksBuildPhase;
			buildActionMask = 2147483647;
			files = (
			);
			runOnlyForDeploymentPostprocessing = 0;
		};
/* End PBXFrameworksBuildPhase section */

/* Begin PBXGroup section */
		0706837D259C1234004B7A78 /* Game */ = {
			isa = PBXGroup;
			children = (
				07C38CD3259FD8DD00A9AFCD /* Views */,
				07068383259C1251004B7A78 /* GameViewController.swift */,
				07068384259C1251004B7A78 /* GameBuilder.swift */,
				07068385259C1251004B7A78 /* GameInteractor.swift */,
			);
			path = Game;
			sourceTree = "<group>";
		};
		0706838A259C1621004B7A78 /* NewGame */ = {
			isa = PBXGroup;
			children = (
				070683FC259D22DB004B7A78 /* Views */,
				0706838B259C1636004B7A78 /* NewGameViewController.swift */,
				0706838C259C1636004B7A78 /* NewGameBuilder.swift */,
				0706838D259C1636004B7A78 /* NewGameInteractor.swift */,
			);
			path = NewGame;
			sourceTree = "<group>";
		};
		07068393259C33EA004B7A78 /* NewRound */ = {
			isa = PBXGroup;
			children = (
				07068394259C33F9004B7A78 /* NewRoundViewController.swift */,
				07068395259C33F9004B7A78 /* NewRoundBuilder.swift */,
				07068396259C33F9004B7A78 /* NewRoundInteractor.swift */,
			);
			path = NewRound;
			sourceTree = "<group>";
		};
		070683D4259CFE14004B7A78 /* ScoreCard */ = {
			isa = PBXGroup;
			children = (
				070683FD259D22E0004B7A78 /* Views */,
				070683E4259D072C004B7A78 /* ScoreCardViewController.swift */,
				070683E5259D072C004B7A78 /* ScoreCardBuilder.swift */,
				070683E6259D072C004B7A78 /* ScoreCardInteractor.swift */,
			);
			path = ScoreCard;
			sourceTree = "<group>";
		};
		070683DC259D0274004B7A78 /* Extensions */ = {
			isa = PBXGroup;
			children = (
				070683DD259D02CA004B7A78 /* Optionals.swift */,
			);
			path = Extensions;
			sourceTree = "<group>";
		};
		070683FC259D22DB004B7A78 /* Views */ = {
			isa = PBXGroup;
			children = (
				070683FE259D22F8004B7A78 /* NewGameAddPlayerCell.swift */,
				07068402259D27A4004B7A78 /* NewGameScoreLimitCell.swift */,
				077178B2259FB1FF00DD5E84 /* NewGamePlayerNameCell.swift */,
				07C38CD0259FCEFA00A9AFCD /* NewGameButton.swift */,
				07B6647825A24BDC00A994A8 /* NewGameSectionHeaderView.swift */,
				07B6647C25A2528B00A994A8 /* NewGameSectionFooterView.swift */,
			);
			path = Views;
			sourceTree = "<group>";
		};
		070683FD259D22E0004B7A78 /* Views */ = {
			isa = PBXGroup;
			children = (
				07C38CDD259FEE6000A9AFCD /* GameRoundCell.swift */,
			);
			path = Views;
			sourceTree = "<group>";
		};
		072F8160259A4D48005EE56B /* Frameworks */ = {
			isa = PBXGroup;
			children = (
				070683CF259CFCA4004B7A78 /* FiveUI.framework */,
				072F822E259AA2DF005EE56B /* ScoreKeeping.framework */,
				072F816C259A4D57005EE56B /* ShortRibs.framework */,
				072F8167259A4D4D005EE56B /* SnapKit.framework */,
				072F8161259A4D48005EE56B /* NeedleFoundation.framework */,
			);
			name = Frameworks;
			sourceTree = "<group>";
		};
		072F8177259A4DEB005EE56B /* Src */ = {
			isa = PBXGroup;
			children = (
				070683DC259D0274004B7A78 /* Extensions */,
				072F822C259AA20F005EE56B /* Models */,
				072F817A259A4E84005EE56B /* Features */,
				072F8179259A4E7E005EE56B /* Infra */,
			);
			path = Src;
			sourceTree = "<group>";
		};
		072F8178259A4DF7005EE56B /* Resources */ = {
			isa = PBXGroup;
			children = (
				07E6F013259980E500AEF80A /* Assets.xcassets */,
				07E6F015259980E500AEF80A /* LaunchScreen.storyboard */,
				072F81C5259A62BD005EE56B /* ScoreFive.xcdatamodeld */,
			);
			path = Resources;
			sourceTree = "<group>";
		};
		072F8179259A4E7E005EE56B /* Infra */ = {
			isa = PBXGroup;
			children = (
				072F8189259A51FD005EE56B /* DependencyGraph.swift */,
				07E6F00A259980E300AEF80A /* ScoreFiveAppDelegate.swift */,
				07E6F00C259980E300AEF80A /* ScoreFiveSceneDelegate.swift */,
			);
			path = Infra;
			sourceTree = "<group>";
		};
		072F817A259A4E84005EE56B /* Features */ = {
			isa = PBXGroup;
			children = (
				070683D4259CFE14004B7A78 /* ScoreCard */,
				07068393259C33EA004B7A78 /* NewRound */,
				0706837D259C1234004B7A78 /* Game */,
				0706838A259C1621004B7A78 /* NewGame */,
				072F825F259C08F6005EE56B /* Home */,
				072F81B8259A5FB0005EE56B /* Five */,
				072F818E259A5226005EE56B /* Main */,
				072F817B259A4E88005EE56B /* Root */,
			);
			path = Features;
			sourceTree = "<group>";
		};
		072F817B259A4E88005EE56B /* Root */ = {
			isa = PBXGroup;
			children = (
				072F817C259A4E99005EE56B /* RootViewController.swift */,
				072F817D259A4E99005EE56B /* RootBuilder.swift */,
				072F817E259A4E99005EE56B /* RootInteractor.swift */,
			);
			path = Root;
			sourceTree = "<group>";
		};
		072F818E259A5226005EE56B /* Main */ = {
			isa = PBXGroup;
			children = (
				072F818F259A523F005EE56B /* MainViewController.swift */,
				072F8190259A523F005EE56B /* MainBuilder.swift */,
				072F8191259A523F005EE56B /* MainInteractor.swift */,
			);
			path = Main;
			sourceTree = "<group>";
		};
		072F81AC259A5D7E005EE56B /* Features */ = {
			isa = PBXGroup;
			children = (
				072F81D2259A6587005EE56B /* Five */,
				072F81CA259A63DD005EE56B /* Main */,
				072F81B0259A5D96005EE56B /* Root */,
			);
			path = Features;
			sourceTree = "<group>";
		};
		072F81B0259A5D96005EE56B /* Root */ = {
			isa = PBXGroup;
			children = (
				072F81B1259A5D9E005EE56B /* RootInteractorTests.swift */,
				072F81B5259A5EBA005EE56B /* RootViewControllerTests.swift */,
			);
			path = Root;
			sourceTree = "<group>";
		};
		072F81B8259A5FB0005EE56B /* Five */ = {
			isa = PBXGroup;
			children = (
				072F81C1259A6217005EE56B /* Helpers */,
				072F81B9259A5FC3005EE56B /* FiveViewController.swift */,
				072F81BA259A5FC3005EE56B /* FiveBuilder.swift */,
				072F81BB259A5FC3005EE56B /* FiveInteractor.swift */,
			);
			path = Five;
			sourceTree = "<group>";
		};
		072F81C1259A6217005EE56B /* Helpers */ = {
			isa = PBXGroup;
			children = (
				072F81C2259A6220005EE56B /* GameStorageManager.swift */,
				072F825A259C0565005EE56B /* ActiveGameStream.swift */,
			);
			path = Helpers;
			sourceTree = "<group>";
		};
		072F81CA259A63DD005EE56B /* Main */ = {
			isa = PBXGroup;
			children = (
				072F81CB259A63E3005EE56B /* MainInteractorTests.swift */,
				072F81CF259A6451005EE56B /* MainViewControllerTests.swift */,
			);
			path = Main;
			sourceTree = "<group>";
		};
		072F81D2259A6587005EE56B /* Five */ = {
			isa = PBXGroup;
			children = (
				072F81D3259A658F005EE56B /* FiveInteractorTests.swift */,
				072F81D7259A65E1005EE56B /* FiveViewControllerTests.swift */,
			);
			path = Five;
			sourceTree = "<group>";
		};
		072F822C259AA20F005EE56B /* Models */ = {
			isa = PBXGroup;
			children = (
				072F8233259AC06E005EE56B /* GameRecord.swift */,
			);
			path = Models;
			sourceTree = "<group>";
		};
		072F825F259C08F6005EE56B /* Home */ = {
			isa = PBXGroup;
			children = (
				072F8260259C0908005EE56B /* HomeViewController.swift */,
				072F8261259C0908005EE56B /* HomeBuilder.swift */,
				072F8262259C0908005EE56B /* HomeInteractor.swift */,
			);
			path = Home;
			sourceTree = "<group>";
		};
		07C38CD3259FD8DD00A9AFCD /* Views */ = {
			isa = PBXGroup;
			children = (
				07C38CD9259FEA6F00A9AFCD /* AddRoundButton.swift */,
				07C38CD4259FD8E900A9AFCD /* GameHeaderView.swift */,
				07C4473725A00C5100626A2A /* GameFooterView.swift */,
			);
			path = Views;
			sourceTree = "<group>";
		};
		07E6EFFE259980E300AEF80A = {
			isa = PBXGroup;
			children = (
				07E6F009259980E300AEF80A /* ScoreFive */,
				07E6F020259980E500AEF80A /* ScoreFiveTests */,
				07E6F008259980E300AEF80A /* Products */,
				072F8160259A4D48005EE56B /* Frameworks */,
			);
			sourceTree = "<group>";
		};
		07E6F008259980E300AEF80A /* Products */ = {
			isa = PBXGroup;
			children = (
				07E6F007259980E300AEF80A /* ScoreFive.app */,
				07E6F01D259980E500AEF80A /* ScoreFiveTests.xctest */,
			);
			name = Products;
			sourceTree = "<group>";
		};
		07E6F009259980E300AEF80A /* ScoreFive */ = {
			isa = PBXGroup;
			children = (
				072F8178259A4DF7005EE56B /* Resources */,
				072F8177259A4DEB005EE56B /* Src */,
				07E6F018259980E500AEF80A /* Info.plist */,
			);
			path = ScoreFive;
			sourceTree = "<group>";
		};
		07E6F020259980E500AEF80A /* ScoreFiveTests */ = {
			isa = PBXGroup;
			children = (
				072F81AC259A5D7E005EE56B /* Features */,
				072F81A8259A5D76005EE56B /* Mocks.swift */,
				07E6F023259980E500AEF80A /* Info.plist */,
			);
			path = ScoreFiveTests;
			sourceTree = "<group>";
		};
/* End PBXGroup section */

/* Begin PBXNativeTarget section */
		07E6F006259980E300AEF80A /* ScoreFive */ = {
			isa = PBXNativeTarget;
			buildConfigurationList = 07E6F031259980E500AEF80A /* Build configuration list for PBXNativeTarget "ScoreFive" */;
			buildPhases = (
				07A45E5D25A6CB81000929D1 /* Run SwiftFormat */,
				072F8186259A5175005EE56B /* Generate Dependency Graph */,
				07E6F003259980E300AEF80A /* Sources */,
				07E6F004259980E300AEF80A /* Frameworks */,
				07E6F005259980E300AEF80A /* Resources */,
				072F8164259A4D49005EE56B /* Embed Frameworks */,
			);
			buildRules = (
			);
			dependencies = (
			);
			name = ScoreFive;
			productName = ScoreFive;
			productReference = 07E6F007259980E300AEF80A /* ScoreFive.app */;
			productType = "com.apple.product-type.application";
		};
		07E6F01C259980E500AEF80A /* ScoreFiveTests */ = {
			isa = PBXNativeTarget;
			buildConfigurationList = 07E6F034259980E500AEF80A /* Build configuration list for PBXNativeTarget "ScoreFiveTests" */;
			buildPhases = (
				072F81A1259A5CEA005EE56B /* Generate Mocks */,
				07E6F019259980E500AEF80A /* Sources */,
				07E6F01A259980E500AEF80A /* Frameworks */,
				07E6F01B259980E500AEF80A /* Resources */,
			);
			buildRules = (
			);
			dependencies = (
				07E6F01F259980E500AEF80A /* PBXTargetDependency */,
			);
			name = ScoreFiveTests;
			productName = ScoreFiveTests;
			productReference = 07E6F01D259980E500AEF80A /* ScoreFiveTests.xctest */;
			productType = "com.apple.product-type.bundle.unit-test";
		};
/* End PBXNativeTarget section */

/* Begin PBXProject section */
		07E6EFFF259980E300AEF80A /* Project object */ = {
			isa = PBXProject;
			attributes = {
				LastSwiftUpdateCheck = 1230;
				LastUpgradeCheck = 1230;
				TargetAttributes = {
					07E6F006259980E300AEF80A = {
						CreatedOnToolsVersion = 12.3;
					};
					07E6F01C259980E500AEF80A = {
						CreatedOnToolsVersion = 12.3;
						LastSwiftMigration = 1230;
						TestTargetID = 07E6F006259980E300AEF80A;
					};
				};
			};
			buildConfigurationList = 07E6F002259980E300AEF80A /* Build configuration list for PBXProject "ScoreFive" */;
			compatibilityVersion = "Xcode 9.3";
			developmentRegion = en;
			hasScannedForEncodings = 0;
			knownRegions = (
				en,
				Base,
			);
			mainGroup = 07E6EFFE259980E300AEF80A;
			productRefGroup = 07E6F008259980E300AEF80A /* Products */;
			projectDirPath = "";
			projectRoot = "";
			targets = (
				07E6F006259980E300AEF80A /* ScoreFive */,
				07E6F01C259980E500AEF80A /* ScoreFiveTests */,
			);
		};
/* End PBXProject section */

/* Begin PBXResourcesBuildPhase section */
		07E6F005259980E300AEF80A /* Resources */ = {
			isa = PBXResourcesBuildPhase;
			buildActionMask = 2147483647;
			files = (
				07E6F017259980E500AEF80A /* LaunchScreen.storyboard in Resources */,
				07E6F014259980E500AEF80A /* Assets.xcassets in Resources */,
			);
			runOnlyForDeploymentPostprocessing = 0;
		};
		07E6F01B259980E500AEF80A /* Resources */ = {
			isa = PBXResourcesBuildPhase;
			buildActionMask = 2147483647;
			files = (
			);
			runOnlyForDeploymentPostprocessing = 0;
		};
/* End PBXResourcesBuildPhase section */

/* Begin PBXShellScriptBuildPhase section */
		072F8186259A5175005EE56B /* Generate Dependency Graph */ = {
			isa = PBXShellScriptBuildPhase;
			alwaysOutOfDate = 1;
			buildActionMask = 2147483647;
			files = (
			);
			inputFileListPaths = (
			);
			inputPaths = (
			);
			name = "Generate Dependency Graph";
			outputFileListPaths = (
			);
			outputPaths = (
			);
			runOnlyForDeploymentPostprocessing = 0;
			shellPath = /bin/sh;
			shellScript = "export SOURCEKIT_LOGGING=0 && needle generate ScoreFive/Src/Infra/DependencyGraph.swift ScoreFive/src/Features/\n";
		};
		072F81A1259A5CEA005EE56B /* Generate Mocks */ = {
			isa = PBXShellScriptBuildPhase;
			buildActionMask = 2147483647;
			files = (
			);
			inputFileListPaths = (
			);
			inputPaths = (
			);
			name = "Generate Mocks";
			outputFileListPaths = (
			);
			outputPaths = (
			);
			runOnlyForDeploymentPostprocessing = 0;
			shellPath = /bin/sh;
			shellScript = "mockolo -s ScoreFive/Src ../Libraries -d ScoreFiveTests/Mocks.swift -i ShortRibs ScoreFive\n";
		};
		07A45E5D25A6CB81000929D1 /* Run SwiftFormat */ = {
			isa = PBXShellScriptBuildPhase;
			buildActionMask = 2147483647;
			files = (
			);
			inputFileListPaths = (
			);
			inputPaths = (
			);
			name = "Run SwiftFormat";
			outputFileListPaths = (
			);
			outputPaths = (
			);
			runOnlyForDeploymentPostprocessing = 0;
			shellPath = /bin/sh;
			shellScript = "swiftformat ../\n";
		};
/* End PBXShellScriptBuildPhase section */

/* Begin PBXSourcesBuildPhase section */
		07E6F003259980E300AEF80A /* Sources */ = {
			isa = PBXSourcesBuildPhase;
			buildActionMask = 2147483647;
			files = (
				072F81BC259A5FC3005EE56B /* FiveViewController.swift in Sources */,
				070683E8259D072C004B7A78 /* ScoreCardViewController.swift in Sources */,
				07068403259D27A4004B7A78 /* NewGameScoreLimitCell.swift in Sources */,
				072F8193259A523F005EE56B /* MainBuilder.swift in Sources */,
				07C38CDE259FEE6000A9AFCD /* GameRoundCell.swift in Sources */,
				072F8263259C0908005EE56B /* HomeViewController.swift in Sources */,
				07C38CD1259FCEFA00A9AFCD /* NewGameButton.swift in Sources */,
				07B6647D25A2528C00A994A8 /* NewGameSectionFooterView.swift in Sources */,
				07068398259C33F9004B7A78 /* NewRoundBuilder.swift in Sources */,
				070683EA259D072C004B7A78 /* ScoreCardInteractor.swift in Sources */,
				072F8192259A523F005EE56B /* MainViewController.swift in Sources */,
				07C38CDA259FEA6F00A9AFCD /* AddRoundButton.swift in Sources */,
				07C38CD5259FD8E900A9AFCD /* GameHeaderView.swift in Sources */,
				072F81BD259A5FC3005EE56B /* FiveBuilder.swift in Sources */,
				07E6F00B259980E300AEF80A /* ScoreFiveAppDelegate.swift in Sources */,
				072F8265259C0908005EE56B /* HomeInteractor.swift in Sources */,
				077178B3259FB1FF00DD5E84 /* NewGamePlayerNameCell.swift in Sources */,
				07E6F00D259980E300AEF80A /* ScoreFiveSceneDelegate.swift in Sources */,
				0706838F259C1636004B7A78 /* NewGameBuilder.swift in Sources */,
				072F817F259A4E99005EE56B /* RootViewController.swift in Sources */,
				072F8194259A523F005EE56B /* MainInteractor.swift in Sources */,
				072F8235259AC06E005EE56B /* GameRecord.swift in Sources */,
				072F81C3259A6220005EE56B /* GameStorageManager.swift in Sources */,
				07068388259C1251004B7A78 /* GameInteractor.swift in Sources */,
				072F81BE259A5FC3005EE56B /* FiveInteractor.swift in Sources */,
				072F8264259C0908005EE56B /* HomeBuilder.swift in Sources */,
				07068397259C33F9004B7A78 /* NewRoundViewController.swift in Sources */,
				070683DE259D02CA004B7A78 /* Optionals.swift in Sources */,
				07B6647925A24BDC00A994A8 /* NewGameSectionHeaderView.swift in Sources */,
				070683FF259D22F8004B7A78 /* NewGameAddPlayerCell.swift in Sources */,
				07068387259C1251004B7A78 /* GameBuilder.swift in Sources */,
				072F825B259C0565005EE56B /* ActiveGameStream.swift in Sources */,
				0706838E259C1636004B7A78 /* NewGameViewController.swift in Sources */,
				072F818A259A51FD005EE56B /* DependencyGraph.swift in Sources */,
				072F8180259A4E99005EE56B /* RootBuilder.swift in Sources */,
				07068399259C33F9004B7A78 /* NewRoundInteractor.swift in Sources */,
				070683E9259D072C004B7A78 /* ScoreCardBuilder.swift in Sources */,
				072F81C7259A62BD005EE56B /* ScoreFive.xcdatamodeld in Sources */,
				07068390259C1636004B7A78 /* NewGameInteractor.swift in Sources */,
				072F8181259A4E99005EE56B /* RootInteractor.swift in Sources */,
				07C4473825A00C5100626A2A /* GameFooterView.swift in Sources */,
				07068386259C1251004B7A78 /* GameViewController.swift in Sources */,
			);
			runOnlyForDeploymentPostprocessing = 0;
		};
		07E6F019259980E500AEF80A /* Sources */ = {
			isa = PBXSourcesBuildPhase;
			buildActionMask = 2147483647;
			files = (
				072F81D4259A658F005EE56B /* FiveInteractorTests.swift in Sources */,
				072F81B2259A5D9E005EE56B /* RootInteractorTests.swift in Sources */,
				072F81D8259A65E1005EE56B /* FiveViewControllerTests.swift in Sources */,
				072F81A9259A5D76005EE56B /* Mocks.swift in Sources */,
				072F81B6259A5EBA005EE56B /* RootViewControllerTests.swift in Sources */,
				072F81CC259A63E3005EE56B /* MainInteractorTests.swift in Sources */,
				072F81D0259A6451005EE56B /* MainViewControllerTests.swift in Sources */,
			);
			runOnlyForDeploymentPostprocessing = 0;
		};
/* End PBXSourcesBuildPhase section */

/* Begin PBXTargetDependency section */
		07E6F01F259980E500AEF80A /* PBXTargetDependency */ = {
			isa = PBXTargetDependency;
			target = 07E6F006259980E300AEF80A /* ScoreFive */;
			targetProxy = 07E6F01E259980E500AEF80A /* PBXContainerItemProxy */;
		};
/* End PBXTargetDependency section */

/* Begin PBXVariantGroup section */
		07E6F015259980E500AEF80A /* LaunchScreen.storyboard */ = {
			isa = PBXVariantGroup;
			children = (
				07E6F016259980E500AEF80A /* Base */,
			);
			name = LaunchScreen.storyboard;
			sourceTree = "<group>";
		};
/* End PBXVariantGroup section */

/* Begin XCBuildConfiguration section */
		07E6F02F259980E500AEF80A /* Debug */ = {
			isa = XCBuildConfiguration;
			buildSettings = {
				ALWAYS_SEARCH_USER_PATHS = NO;
				CLANG_ANALYZER_NONNULL = YES;
				CLANG_ANALYZER_NUMBER_OBJECT_CONVERSION = YES_AGGRESSIVE;
				CLANG_CXX_LANGUAGE_STANDARD = "gnu++14";
				CLANG_CXX_LIBRARY = "libc++";
				CLANG_ENABLE_MODULES = YES;
				CLANG_ENABLE_OBJC_ARC = YES;
				CLANG_ENABLE_OBJC_WEAK = YES;
				CLANG_WARN_BLOCK_CAPTURE_AUTORELEASING = YES;
				CLANG_WARN_BOOL_CONVERSION = YES;
				CLANG_WARN_COMMA = YES;
				CLANG_WARN_CONSTANT_CONVERSION = YES;
				CLANG_WARN_DEPRECATED_OBJC_IMPLEMENTATIONS = YES;
				CLANG_WARN_DIRECT_OBJC_ISA_USAGE = YES_ERROR;
				CLANG_WARN_DOCUMENTATION_COMMENTS = YES;
				CLANG_WARN_EMPTY_BODY = YES;
				CLANG_WARN_ENUM_CONVERSION = YES;
				CLANG_WARN_INFINITE_RECURSION = YES;
				CLANG_WARN_INT_CONVERSION = YES;
				CLANG_WARN_NON_LITERAL_NULL_CONVERSION = YES;
				CLANG_WARN_OBJC_IMPLICIT_RETAIN_SELF = YES;
				CLANG_WARN_OBJC_LITERAL_CONVERSION = YES;
				CLANG_WARN_OBJC_ROOT_CLASS = YES_ERROR;
				CLANG_WARN_QUOTED_INCLUDE_IN_FRAMEWORK_HEADER = YES;
				CLANG_WARN_RANGE_LOOP_ANALYSIS = YES;
				CLANG_WARN_STRICT_PROTOTYPES = YES;
				CLANG_WARN_SUSPICIOUS_MOVE = YES;
				CLANG_WARN_UNGUARDED_AVAILABILITY = YES_AGGRESSIVE;
				CLANG_WARN_UNREACHABLE_CODE = YES;
				CLANG_WARN__DUPLICATE_METHOD_MATCH = YES;
				COPY_PHASE_STRIP = NO;
				DEBUG_INFORMATION_FORMAT = dwarf;
				ENABLE_STRICT_OBJC_MSGSEND = YES;
				ENABLE_TESTABILITY = YES;
				GCC_C_LANGUAGE_STANDARD = gnu11;
				GCC_DYNAMIC_NO_PIC = NO;
				GCC_NO_COMMON_BLOCKS = YES;
				GCC_OPTIMIZATION_LEVEL = 0;
				GCC_PREPROCESSOR_DEFINITIONS = (
					"DEBUG=1",
					"$(inherited)",
				);
				GCC_WARN_64_TO_32_BIT_CONVERSION = YES;
				GCC_WARN_ABOUT_RETURN_TYPE = YES_ERROR;
				GCC_WARN_UNDECLARED_SELECTOR = YES;
				GCC_WARN_UNINITIALIZED_AUTOS = YES_AGGRESSIVE;
				GCC_WARN_UNUSED_FUNCTION = YES;
				GCC_WARN_UNUSED_VARIABLE = YES;
				IPHONEOS_DEPLOYMENT_TARGET = 14.3;
				MTL_ENABLE_DEBUG_INFO = INCLUDE_SOURCE;
				MTL_FAST_MATH = YES;
				ONLY_ACTIVE_ARCH = YES;
				SDKROOT = iphoneos;
				SWIFT_ACTIVE_COMPILATION_CONDITIONS = DEBUG;
				SWIFT_OPTIMIZATION_LEVEL = "-Onone";
			};
			name = Debug;
		};
		07E6F030259980E500AEF80A /* Release */ = {
			isa = XCBuildConfiguration;
			buildSettings = {
				ALWAYS_SEARCH_USER_PATHS = NO;
				CLANG_ANALYZER_NONNULL = YES;
				CLANG_ANALYZER_NUMBER_OBJECT_CONVERSION = YES_AGGRESSIVE;
				CLANG_CXX_LANGUAGE_STANDARD = "gnu++14";
				CLANG_CXX_LIBRARY = "libc++";
				CLANG_ENABLE_MODULES = YES;
				CLANG_ENABLE_OBJC_ARC = YES;
				CLANG_ENABLE_OBJC_WEAK = YES;
				CLANG_WARN_BLOCK_CAPTURE_AUTORELEASING = YES;
				CLANG_WARN_BOOL_CONVERSION = YES;
				CLANG_WARN_COMMA = YES;
				CLANG_WARN_CONSTANT_CONVERSION = YES;
				CLANG_WARN_DEPRECATED_OBJC_IMPLEMENTATIONS = YES;
				CLANG_WARN_DIRECT_OBJC_ISA_USAGE = YES_ERROR;
				CLANG_WARN_DOCUMENTATION_COMMENTS = YES;
				CLANG_WARN_EMPTY_BODY = YES;
				CLANG_WARN_ENUM_CONVERSION = YES;
				CLANG_WARN_INFINITE_RECURSION = YES;
				CLANG_WARN_INT_CONVERSION = YES;
				CLANG_WARN_NON_LITERAL_NULL_CONVERSION = YES;
				CLANG_WARN_OBJC_IMPLICIT_RETAIN_SELF = YES;
				CLANG_WARN_OBJC_LITERAL_CONVERSION = YES;
				CLANG_WARN_OBJC_ROOT_CLASS = YES_ERROR;
				CLANG_WARN_QUOTED_INCLUDE_IN_FRAMEWORK_HEADER = YES;
				CLANG_WARN_RANGE_LOOP_ANALYSIS = YES;
				CLANG_WARN_STRICT_PROTOTYPES = YES;
				CLANG_WARN_SUSPICIOUS_MOVE = YES;
				CLANG_WARN_UNGUARDED_AVAILABILITY = YES_AGGRESSIVE;
				CLANG_WARN_UNREACHABLE_CODE = YES;
				CLANG_WARN__DUPLICATE_METHOD_MATCH = YES;
				COPY_PHASE_STRIP = NO;
				DEBUG_INFORMATION_FORMAT = "dwarf-with-dsym";
				ENABLE_NS_ASSERTIONS = NO;
				ENABLE_STRICT_OBJC_MSGSEND = YES;
				GCC_C_LANGUAGE_STANDARD = gnu11;
				GCC_NO_COMMON_BLOCKS = YES;
				GCC_WARN_64_TO_32_BIT_CONVERSION = YES;
				GCC_WARN_ABOUT_RETURN_TYPE = YES_ERROR;
				GCC_WARN_UNDECLARED_SELECTOR = YES;
				GCC_WARN_UNINITIALIZED_AUTOS = YES_AGGRESSIVE;
				GCC_WARN_UNUSED_FUNCTION = YES;
				GCC_WARN_UNUSED_VARIABLE = YES;
				IPHONEOS_DEPLOYMENT_TARGET = 14.3;
				MTL_ENABLE_DEBUG_INFO = NO;
				MTL_FAST_MATH = YES;
				SDKROOT = iphoneos;
				SWIFT_COMPILATION_MODE = wholemodule;
				SWIFT_OPTIMIZATION_LEVEL = "-O";
				VALIDATE_PRODUCT = YES;
			};
			name = Release;
		};
		07E6F032259980E500AEF80A /* Debug */ = {
			isa = XCBuildConfiguration;
			buildSettings = {
				ASSETCATALOG_COMPILER_APPICON_NAME = AppIcon;
				ASSETCATALOG_COMPILER_GLOBAL_ACCENT_COLOR_NAME = AccentColor;
				CODE_SIGN_STYLE = Automatic;
				DEVELOPMENT_TEAM = Y88YPD4RJA;
				INFOPLIST_FILE = ScoreFive/Info.plist;
				LD_RUNPATH_SEARCH_PATHS = (
					"$(inherited)",
					"@executable_path/Frameworks",
				);
				PRODUCT_BUNDLE_IDENTIFIER = com.varunsanthanam.ScoreFive;
				PRODUCT_NAME = "$(TARGET_NAME)";
				SWIFT_VERSION = 5.0;
				TARGETED_DEVICE_FAMILY = "1,2";
			};
			name = Debug;
		};
		07E6F033259980E500AEF80A /* Release */ = {
			isa = XCBuildConfiguration;
			buildSettings = {
				ASSETCATALOG_COMPILER_APPICON_NAME = AppIcon;
				ASSETCATALOG_COMPILER_GLOBAL_ACCENT_COLOR_NAME = AccentColor;
				CODE_SIGN_STYLE = Automatic;
				DEVELOPMENT_TEAM = Y88YPD4RJA;
				INFOPLIST_FILE = ScoreFive/Info.plist;
				LD_RUNPATH_SEARCH_PATHS = (
					"$(inherited)",
					"@executable_path/Frameworks",
				);
				PRODUCT_BUNDLE_IDENTIFIER = com.varunsanthanam.ScoreFive;
				PRODUCT_NAME = "$(TARGET_NAME)";
				SWIFT_VERSION = 5.0;
				TARGETED_DEVICE_FAMILY = "1,2";
			};
			name = Release;
		};
		07E6F035259980E500AEF80A /* Debug */ = {
			isa = XCBuildConfiguration;
			buildSettings = {
				ALWAYS_EMBED_SWIFT_STANDARD_LIBRARIES = YES;
				BUNDLE_LOADER = "$(TEST_HOST)";
				CLANG_ENABLE_MODULES = YES;
				CODE_SIGN_STYLE = Automatic;
				DEVELOPMENT_TEAM = Y88YPD4RJA;
				INFOPLIST_FILE = ScoreFiveTests/Info.plist;
				IPHONEOS_DEPLOYMENT_TARGET = 14.3;
				LD_RUNPATH_SEARCH_PATHS = (
					"$(inherited)",
					"@executable_path/Frameworks",
					"@loader_path/Frameworks",
				);
				PRODUCT_BUNDLE_IDENTIFIER = com.varunsanthanam.ScoreFiveTests;
				PRODUCT_NAME = "$(TARGET_NAME)";
				SWIFT_OPTIMIZATION_LEVEL = "-Onone";
				SWIFT_VERSION = 5.0;
				TARGETED_DEVICE_FAMILY = "1,2";
				TEST_HOST = "$(BUILT_PRODUCTS_DIR)/ScoreFive.app/ScoreFive";
			};
			name = Debug;
		};
		07E6F036259980E500AEF80A /* Release */ = {
			isa = XCBuildConfiguration;
			buildSettings = {
				ALWAYS_EMBED_SWIFT_STANDARD_LIBRARIES = YES;
				BUNDLE_LOADER = "$(TEST_HOST)";
				CLANG_ENABLE_MODULES = YES;
				CODE_SIGN_STYLE = Automatic;
				DEVELOPMENT_TEAM = Y88YPD4RJA;
				INFOPLIST_FILE = ScoreFiveTests/Info.plist;
				IPHONEOS_DEPLOYMENT_TARGET = 14.3;
				LD_RUNPATH_SEARCH_PATHS = (
					"$(inherited)",
					"@executable_path/Frameworks",
					"@loader_path/Frameworks",
				);
				PRODUCT_BUNDLE_IDENTIFIER = com.varunsanthanam.ScoreFiveTests;
				PRODUCT_NAME = "$(TARGET_NAME)";
				SWIFT_VERSION = 5.0;
				TARGETED_DEVICE_FAMILY = "1,2";
				TEST_HOST = "$(BUILT_PRODUCTS_DIR)/ScoreFive.app/ScoreFive";
			};
			name = Release;
		};
/* End XCBuildConfiguration section */

/* Begin XCConfigurationList section */
		07E6F002259980E300AEF80A /* Build configuration list for PBXProject "ScoreFive" */ = {
			isa = XCConfigurationList;
			buildConfigurations = (
				07E6F02F259980E500AEF80A /* Debug */,
				07E6F030259980E500AEF80A /* Release */,
			);
			defaultConfigurationIsVisible = 0;
			defaultConfigurationName = Release;
		};
		07E6F031259980E500AEF80A /* Build configuration list for PBXNativeTarget "ScoreFive" */ = {
			isa = XCConfigurationList;
			buildConfigurations = (
				07E6F032259980E500AEF80A /* Debug */,
				07E6F033259980E500AEF80A /* Release */,
			);
			defaultConfigurationIsVisible = 0;
			defaultConfigurationName = Release;
		};
		07E6F034259980E500AEF80A /* Build configuration list for PBXNativeTarget "ScoreFiveTests" */ = {
			isa = XCConfigurationList;
			buildConfigurations = (
				07E6F035259980E500AEF80A /* Debug */,
				07E6F036259980E500AEF80A /* Release */,
			);
			defaultConfigurationIsVisible = 0;
			defaultConfigurationName = Release;
		};
/* End XCConfigurationList section */

/* Begin XCVersionGroup section */
		072F81C5259A62BD005EE56B /* ScoreFive.xcdatamodeld */ = {
			isa = XCVersionGroup;
			children = (
				072F81C6259A62BD005EE56B /* ScoreFive.xcdatamodel */,
			);
			currentVersion = 072F81C6259A62BD005EE56B /* ScoreFive.xcdatamodel */;
			path = ScoreFive.xcdatamodeld;
			sourceTree = "<group>";
			versionGroupType = wrapper.xcdatamodel;
		};
/* End XCVersionGroup section */
	};
	rootObject = 07E6EFFF259980E300AEF80A /* Project object */;
}
