// !$*UTF8*$!
{
	archiveVersion = 1;
	classes = {
	};
	objectVersion = 50;
	objects = {

/* Begin PBXBuildFile section */
		070683B0259CFBD2004B7A78 /* FiveUI.framework in Frameworks */ = {isa = PBXBuildFile; fileRef = 070683A6259CFBD2004B7A78 /* FiveUI.framework */; };
		070683B5259CFBD2004B7A78 /* FiveUITests.swift in Sources */ = {isa = PBXBuildFile; fileRef = 070683B4259CFBD2004B7A78 /* FiveUITests.swift */; };
		070683B7259CFBD2004B7A78 /* FiveUI.h in Headers */ = {isa = PBXBuildFile; fileRef = 070683A9259CFBD2004B7A78 /* FiveUI.h */; settings = {ATTRIBUTES = (Public, ); }; };
		070683C5259CFBE6004B7A78 /* Theme.swift in Sources */ = {isa = PBXBuildFile; fileRef = 070683C3259CFBE6004B7A78 /* Theme.swift */; };
		070683CC259CFC20004B7A78 /* ColorPalette.swift in Sources */ = {isa = PBXBuildFile; fileRef = 070683CB259CFC20004B7A78 /* ColorPalette.swift */; };
		070683F0259D1ADF004B7A78 /* UIViewController+FiveUI.swift in Sources */ = {isa = PBXBuildFile; fileRef = 070683EF259D1ADF004B7A78 /* UIViewController+FiveUI.swift */; };
		070683F7259D1F79004B7A78 /* CollectionView.swift in Sources */ = {isa = PBXBuildFile; fileRef = 070683F6259D1F79004B7A78 /* CollectionView.swift */; };
		0706840A259D364D004B7A78 /* BaseView.swift in Sources */ = {isa = PBXBuildFile; fileRef = 07068409259D364D004B7A78 /* BaseView.swift */; };
		0706841B259D4C47004B7A78 /* BaseControl.swift in Sources */ = {isa = PBXBuildFile; fileRef = 0706841A259D4C47004B7A78 /* BaseControl.swift */; };
		07C38CCD259FCED400A9AFCD /* TappableControl.swift in Sources */ = {isa = PBXBuildFile; fileRef = 07C38CCC259FCED400A9AFCD /* TappableControl.swift */; };
		07C4473C25A0342C00626A2A /* SymbolButton.swift in Sources */ = {isa = PBXBuildFile; fileRef = 07C4473B25A0342C00626A2A /* SymbolButton.swift */; };
/* End PBXBuildFile section */

/* Begin PBXContainerItemProxy section */
		070683B1259CFBD2004B7A78 /* PBXContainerItemProxy */ = {
			isa = PBXContainerItemProxy;
			containerPortal = 0706839D259CFBD2004B7A78 /* Project object */;
			proxyType = 1;
			remoteGlobalIDString = 070683A5259CFBD2004B7A78;
			remoteInfo = FiveUI;
		};
/* End PBXContainerItemProxy section */

/* Begin PBXFileReference section */
		070683A6259CFBD2004B7A78 /* FiveUI.framework */ = {isa = PBXFileReference; explicitFileType = wrapper.framework; includeInIndex = 0; path = FiveUI.framework; sourceTree = BUILT_PRODUCTS_DIR; };
		070683A9259CFBD2004B7A78 /* FiveUI.h */ = {isa = PBXFileReference; lastKnownFileType = sourcecode.c.h; path = FiveUI.h; sourceTree = "<group>"; };
		070683AA259CFBD2004B7A78 /* Info.plist */ = {isa = PBXFileReference; lastKnownFileType = text.plist.xml; path = Info.plist; sourceTree = "<group>"; };
		070683AF259CFBD2004B7A78 /* FiveUITests.xctest */ = {isa = PBXFileReference; explicitFileType = wrapper.cfbundle; includeInIndex = 0; path = FiveUITests.xctest; sourceTree = BUILT_PRODUCTS_DIR; };
		070683B4259CFBD2004B7A78 /* FiveUITests.swift */ = {isa = PBXFileReference; lastKnownFileType = sourcecode.swift; path = FiveUITests.swift; sourceTree = "<group>"; };
		070683B6259CFBD2004B7A78 /* Info.plist */ = {isa = PBXFileReference; lastKnownFileType = text.plist.xml; path = Info.plist; sourceTree = "<group>"; };
		070683C3259CFBE6004B7A78 /* Theme.swift */ = {isa = PBXFileReference; lastKnownFileType = sourcecode.swift; path = Theme.swift; sourceTree = "<group>"; };
		070683CB259CFC20004B7A78 /* ColorPalette.swift */ = {isa = PBXFileReference; fileEncoding = 4; lastKnownFileType = sourcecode.swift; path = ColorPalette.swift; sourceTree = "<group>"; };
		070683EF259D1ADF004B7A78 /* UIViewController+FiveUI.swift */ = {isa = PBXFileReference; lastKnownFileType = sourcecode.swift; path = "UIViewController+FiveUI.swift"; sourceTree = "<group>"; };
		070683F6259D1F79004B7A78 /* CollectionView.swift */ = {isa = PBXFileReference; lastKnownFileType = sourcecode.swift; path = CollectionView.swift; sourceTree = "<group>"; };
		07068409259D364D004B7A78 /* BaseView.swift */ = {isa = PBXFileReference; lastKnownFileType = sourcecode.swift; path = BaseView.swift; sourceTree = "<group>"; };
		0706841A259D4C47004B7A78 /* BaseControl.swift */ = {isa = PBXFileReference; lastKnownFileType = sourcecode.swift; path = BaseControl.swift; sourceTree = "<group>"; };
		07C38CCC259FCED400A9AFCD /* TappableControl.swift */ = {isa = PBXFileReference; lastKnownFileType = sourcecode.swift; path = TappableControl.swift; sourceTree = "<group>"; };
		07C4473B25A0342C00626A2A /* SymbolButton.swift */ = {isa = PBXFileReference; lastKnownFileType = sourcecode.swift; path = SymbolButton.swift; sourceTree = "<group>"; };
/* End PBXFileReference section */

/* Begin PBXFrameworksBuildPhase section */
		070683A3259CFBD2004B7A78 /* Frameworks */ = {
			isa = PBXFrameworksBuildPhase;
			buildActionMask = 2147483647;
			files = (
			);
			runOnlyForDeploymentPostprocessing = 0;
		};
		070683AC259CFBD2004B7A78 /* Frameworks */ = {
			isa = PBXFrameworksBuildPhase;
			buildActionMask = 2147483647;
			files = (
				070683B0259CFBD2004B7A78 /* FiveUI.framework in Frameworks */,
			);
			runOnlyForDeploymentPostprocessing = 0;
		};
/* End PBXFrameworksBuildPhase section */

/* Begin PBXGroup section */
		0706839C259CFBD2004B7A78 = {
			isa = PBXGroup;
			children = (
				070683A8259CFBD2004B7A78 /* FiveUI */,
				070683B3259CFBD2004B7A78 /* FiveUITests */,
				070683A7259CFBD2004B7A78 /* Products */,
			);
			sourceTree = "<group>";
		};
		070683A7259CFBD2004B7A78 /* Products */ = {
			isa = PBXGroup;
			children = (
				070683A6259CFBD2004B7A78 /* FiveUI.framework */,
				070683AF259CFBD2004B7A78 /* FiveUITests.xctest */,
			);
			name = Products;
			sourceTree = "<group>";
		};
		070683A8259CFBD2004B7A78 /* FiveUI */ = {
			isa = PBXGroup;
			children = (
				070683F5259D1F6F004B7A78 /* Lists */,
				070683EE259D1AD3004B7A78 /* Extensions */,
				070683ED259D1ACD004B7A78 /* Colors */,
				070683A9259CFBD2004B7A78 /* FiveUI.h */,
				070683AA259CFBD2004B7A78 /* Info.plist */,
				07068409259D364D004B7A78 /* BaseView.swift */,
				0706841A259D4C47004B7A78 /* BaseControl.swift */,
				07C38CCC259FCED400A9AFCD /* TappableControl.swift */,
				07C4473B25A0342C00626A2A /* SymbolButton.swift */,
			);
			path = FiveUI;
			sourceTree = "<group>";
		};
		070683B3259CFBD2004B7A78 /* FiveUITests */ = {
			isa = PBXGroup;
			children = (
				070683B4259CFBD2004B7A78 /* FiveUITests.swift */,
				070683B6259CFBD2004B7A78 /* Info.plist */,
			);
			path = FiveUITests;
			sourceTree = "<group>";
		};
		070683ED259D1ACD004B7A78 /* Colors */ = {
			isa = PBXGroup;
			children = (
				070683CB259CFC20004B7A78 /* ColorPalette.swift */,
				070683C3259CFBE6004B7A78 /* Theme.swift */,
			);
			path = Colors;
			sourceTree = "<group>";
		};
		070683EE259D1AD3004B7A78 /* Extensions */ = {
			isa = PBXGroup;
			children = (
				070683EF259D1ADF004B7A78 /* UIViewController+FiveUI.swift */,
			);
			path = Extensions;
			sourceTree = "<group>";
		};
		070683F5259D1F6F004B7A78 /* Lists */ = {
			isa = PBXGroup;
			children = (
				070683F6259D1F79004B7A78 /* CollectionView.swift */,
			);
			path = Lists;
			sourceTree = "<group>";
		};
/* End PBXGroup section */

/* Begin PBXHeadersBuildPhase section */
		070683A1259CFBD2004B7A78 /* Headers */ = {
			isa = PBXHeadersBuildPhase;
			buildActionMask = 2147483647;
			files = (
				070683B7259CFBD2004B7A78 /* FiveUI.h in Headers */,
			);
			runOnlyForDeploymentPostprocessing = 0;
		};
/* End PBXHeadersBuildPhase section */

/* Begin PBXNativeTarget section */
		070683A5259CFBD2004B7A78 /* FiveUI */ = {
			isa = PBXNativeTarget;
			buildConfigurationList = 070683BA259CFBD2004B7A78 /* Build configuration list for PBXNativeTarget "FiveUI" */;
			buildPhases = (
				070683A1259CFBD2004B7A78 /* Headers */,
				070683A2259CFBD2004B7A78 /* Sources */,
				070683A3259CFBD2004B7A78 /* Frameworks */,
				070683A4259CFBD2004B7A78 /* Resources */,
			);
			buildRules = (
			);
			dependencies = (
			);
			name = FiveUI;
			productName = FiveUI;
			productReference = 070683A6259CFBD2004B7A78 /* FiveUI.framework */;
			productType = "com.apple.product-type.framework";
		};
		070683AE259CFBD2004B7A78 /* FiveUITests */ = {
			isa = PBXNativeTarget;
			buildConfigurationList = 070683BD259CFBD2004B7A78 /* Build configuration list for PBXNativeTarget "FiveUITests" */;
			buildPhases = (
				070683AB259CFBD2004B7A78 /* Sources */,
				070683AC259CFBD2004B7A78 /* Frameworks */,
				070683AD259CFBD2004B7A78 /* Resources */,
			);
			buildRules = (
			);
			dependencies = (
				070683B2259CFBD2004B7A78 /* PBXTargetDependency */,
			);
			name = FiveUITests;
			productName = FiveUITests;
			productReference = 070683AF259CFBD2004B7A78 /* FiveUITests.xctest */;
			productType = "com.apple.product-type.bundle.unit-test";
		};
/* End PBXNativeTarget section */

/* Begin PBXProject section */
		0706839D259CFBD2004B7A78 /* Project object */ = {
			isa = PBXProject;
			attributes = {
				LastSwiftUpdateCheck = 1230;
				LastUpgradeCheck = 1230;
				TargetAttributes = {
					070683A5259CFBD2004B7A78 = {
						CreatedOnToolsVersion = 12.3;
					};
					070683AE259CFBD2004B7A78 = {
						CreatedOnToolsVersion = 12.3;
					};
				};
			};
			buildConfigurationList = 070683A0259CFBD2004B7A78 /* Build configuration list for PBXProject "FiveUI" */;
			compatibilityVersion = "Xcode 9.3";
			developmentRegion = en;
			hasScannedForEncodings = 0;
			knownRegions = (
				en,
				Base,
			);
			mainGroup = 0706839C259CFBD2004B7A78;
			productRefGroup = 070683A7259CFBD2004B7A78 /* Products */;
			projectDirPath = "";
			projectRoot = "";
			targets = (
				070683A5259CFBD2004B7A78 /* FiveUI */,
				070683AE259CFBD2004B7A78 /* FiveUITests */,
			);
		};
/* End PBXProject section */

/* Begin PBXResourcesBuildPhase section */
		070683A4259CFBD2004B7A78 /* Resources */ = {
			isa = PBXResourcesBuildPhase;
			buildActionMask = 2147483647;
			files = (
			);
			runOnlyForDeploymentPostprocessing = 0;
		};
		070683AD259CFBD2004B7A78 /* Resources */ = {
			isa = PBXResourcesBuildPhase;
			buildActionMask = 2147483647;
			files = (
			);
			runOnlyForDeploymentPostprocessing = 0;
		};
/* End PBXResourcesBuildPhase section */

/* Begin PBXSourcesBuildPhase section */
		070683A2259CFBD2004B7A78 /* Sources */ = {
			isa = PBXSourcesBuildPhase;
			buildActionMask = 2147483647;
			files = (
				070683C5259CFBE6004B7A78 /* Theme.swift in Sources */,
				07C38CCD259FCED400A9AFCD /* TappableControl.swift in Sources */,
				070683CC259CFC20004B7A78 /* ColorPalette.swift in Sources */,
				0706841B259D4C47004B7A78 /* BaseControl.swift in Sources */,
				0706840A259D364D004B7A78 /* BaseView.swift in Sources */,
				070683F7259D1F79004B7A78 /* CollectionView.swift in Sources */,
				070683F0259D1ADF004B7A78 /* UIViewController+FiveUI.swift in Sources */,
				07C4473C25A0342C00626A2A /* SymbolButton.swift in Sources */,
			);
			runOnlyForDeploymentPostprocessing = 0;
		};
		070683AB259CFBD2004B7A78 /* Sources */ = {
			isa = PBXSourcesBuildPhase;
			buildActionMask = 2147483647;
			files = (
				070683B5259CFBD2004B7A78 /* FiveUITests.swift in Sources */,
			);
			runOnlyForDeploymentPostprocessing = 0;
		};
/* End PBXSourcesBuildPhase section */

/* Begin PBXTargetDependency section */
		070683B2259CFBD2004B7A78 /* PBXTargetDependency */ = {
			isa = PBXTargetDependency;
			target = 070683A5259CFBD2004B7A78 /* FiveUI */;
			targetProxy = 070683B1259CFBD2004B7A78 /* PBXContainerItemProxy */;
		};
/* End PBXTargetDependency section */

/* Begin XCBuildConfiguration section */
		070683B8259CFBD2004B7A78 /* Debug */ = {
			isa = XCBuildConfiguration;
			buildSettings = {
				ALWAYS_SEARCH_USER_PATHS = NO;
				CLANG_ANALYZER_NONNULL = YES;
				CLANG_ANALYZER_NUMBER_OBJECT_CONVERSION = YES_AGGRESSIVE;
				CLANG_CXX_LANGUAGE_STANDARD = "gnu++14";
				CLANG_CXX_LIBRARY = "libc++";
				CLANG_ENABLE_MODULES = YES;
				CLANG_ENABLE_OBJC_ARC = YES;
				CLANG_ENABLE_OBJC_WEAK = YES;
				CLANG_WARN_BLOCK_CAPTURE_AUTORELEASING = YES;
				CLANG_WARN_BOOL_CONVERSION = YES;
				CLANG_WARN_COMMA = YES;
				CLANG_WARN_CONSTANT_CONVERSION = YES;
				CLANG_WARN_DEPRECATED_OBJC_IMPLEMENTATIONS = YES;
				CLANG_WARN_DIRECT_OBJC_ISA_USAGE = YES_ERROR;
				CLANG_WARN_DOCUMENTATION_COMMENTS = YES;
				CLANG_WARN_EMPTY_BODY = YES;
				CLANG_WARN_ENUM_CONVERSION = YES;
				CLANG_WARN_INFINITE_RECURSION = YES;
				CLANG_WARN_INT_CONVERSION = YES;
				CLANG_WARN_NON_LITERAL_NULL_CONVERSION = YES;
				CLANG_WARN_OBJC_IMPLICIT_RETAIN_SELF = YES;
				CLANG_WARN_OBJC_LITERAL_CONVERSION = YES;
				CLANG_WARN_OBJC_ROOT_CLASS = YES_ERROR;
				CLANG_WARN_QUOTED_INCLUDE_IN_FRAMEWORK_HEADER = YES;
				CLANG_WARN_RANGE_LOOP_ANALYSIS = YES;
				CLANG_WARN_STRICT_PROTOTYPES = YES;
				CLANG_WARN_SUSPICIOUS_MOVE = YES;
				CLANG_WARN_UNGUARDED_AVAILABILITY = YES_AGGRESSIVE;
				CLANG_WARN_UNREACHABLE_CODE = YES;
				CLANG_WARN__DUPLICATE_METHOD_MATCH = YES;
				COPY_PHASE_STRIP = NO;
				CURRENT_PROJECT_VERSION = 1;
				DEBUG_INFORMATION_FORMAT = dwarf;
				ENABLE_STRICT_OBJC_MSGSEND = YES;
				ENABLE_TESTABILITY = YES;
				GCC_C_LANGUAGE_STANDARD = gnu11;
				GCC_DYNAMIC_NO_PIC = NO;
				GCC_NO_COMMON_BLOCKS = YES;
				GCC_OPTIMIZATION_LEVEL = 0;
				GCC_PREPROCESSOR_DEFINITIONS = (
					"DEBUG=1",
					"$(inherited)",
				);
				GCC_WARN_64_TO_32_BIT_CONVERSION = YES;
				GCC_WARN_ABOUT_RETURN_TYPE = YES_ERROR;
				GCC_WARN_UNDECLARED_SELECTOR = YES;
				GCC_WARN_UNINITIALIZED_AUTOS = YES_AGGRESSIVE;
				GCC_WARN_UNUSED_FUNCTION = YES;
				GCC_WARN_UNUSED_VARIABLE = YES;
				IPHONEOS_DEPLOYMENT_TARGET = 14.3;
				MTL_ENABLE_DEBUG_INFO = INCLUDE_SOURCE;
				MTL_FAST_MATH = YES;
				ONLY_ACTIVE_ARCH = YES;
				SDKROOT = iphoneos;
				SWIFT_ACTIVE_COMPILATION_CONDITIONS = DEBUG;
				SWIFT_OPTIMIZATION_LEVEL = "-Onone";
				VERSIONING_SYSTEM = "apple-generic";
				VERSION_INFO_PREFIX = "";
			};
			name = Debug;
		};
		070683B9259CFBD2004B7A78 /* Release */ = {
			isa = XCBuildConfiguration;
			buildSettings = {
				ALWAYS_SEARCH_USER_PATHS = NO;
				CLANG_ANALYZER_NONNULL = YES;
				CLANG_ANALYZER_NUMBER_OBJECT_CONVERSION = YES_AGGRESSIVE;
				CLANG_CXX_LANGUAGE_STANDARD = "gnu++14";
				CLANG_CXX_LIBRARY = "libc++";
				CLANG_ENABLE_MODULES = YES;
				CLANG_ENABLE_OBJC_ARC = YES;
				CLANG_ENABLE_OBJC_WEAK = YES;
				CLANG_WARN_BLOCK_CAPTURE_AUTORELEASING = YES;
				CLANG_WARN_BOOL_CONVERSION = YES;
				CLANG_WARN_COMMA = YES;
				CLANG_WARN_CONSTANT_CONVERSION = YES;
				CLANG_WARN_DEPRECATED_OBJC_IMPLEMENTATIONS = YES;
				CLANG_WARN_DIRECT_OBJC_ISA_USAGE = YES_ERROR;
				CLANG_WARN_DOCUMENTATION_COMMENTS = YES;
				CLANG_WARN_EMPTY_BODY = YES;
				CLANG_WARN_ENUM_CONVERSION = YES;
				CLANG_WARN_INFINITE_RECURSION = YES;
				CLANG_WARN_INT_CONVERSION = YES;
				CLANG_WARN_NON_LITERAL_NULL_CONVERSION = YES;
				CLANG_WARN_OBJC_IMPLICIT_RETAIN_SELF = YES;
				CLANG_WARN_OBJC_LITERAL_CONVERSION = YES;
				CLANG_WARN_OBJC_ROOT_CLASS = YES_ERROR;
				CLANG_WARN_QUOTED_INCLUDE_IN_FRAMEWORK_HEADER = YES;
				CLANG_WARN_RANGE_LOOP_ANALYSIS = YES;
				CLANG_WARN_STRICT_PROTOTYPES = YES;
				CLANG_WARN_SUSPICIOUS_MOVE = YES;
				CLANG_WARN_UNGUARDED_AVAILABILITY = YES_AGGRESSIVE;
				CLANG_WARN_UNREACHABLE_CODE = YES;
				CLANG_WARN__DUPLICATE_METHOD_MATCH = YES;
				COPY_PHASE_STRIP = NO;
				CURRENT_PROJECT_VERSION = 1;
				DEBUG_INFORMATION_FORMAT = "dwarf-with-dsym";
				ENABLE_NS_ASSERTIONS = NO;
				ENABLE_STRICT_OBJC_MSGSEND = YES;
				GCC_C_LANGUAGE_STANDARD = gnu11;
				GCC_NO_COMMON_BLOCKS = YES;
				GCC_WARN_64_TO_32_BIT_CONVERSION = YES;
				GCC_WARN_ABOUT_RETURN_TYPE = YES_ERROR;
				GCC_WARN_UNDECLARED_SELECTOR = YES;
				GCC_WARN_UNINITIALIZED_AUTOS = YES_AGGRESSIVE;
				GCC_WARN_UNUSED_FUNCTION = YES;
				GCC_WARN_UNUSED_VARIABLE = YES;
				IPHONEOS_DEPLOYMENT_TARGET = 14.3;
				MTL_ENABLE_DEBUG_INFO = NO;
				MTL_FAST_MATH = YES;
				SDKROOT = iphoneos;
				SWIFT_COMPILATION_MODE = wholemodule;
				SWIFT_OPTIMIZATION_LEVEL = "-O";
				VALIDATE_PRODUCT = YES;
				VERSIONING_SYSTEM = "apple-generic";
				VERSION_INFO_PREFIX = "";
			};
			name = Release;
		};
		070683BB259CFBD2004B7A78 /* Debug */ = {
			isa = XCBuildConfiguration;
			buildSettings = {
				CODE_SIGN_STYLE = Automatic;
				DEFINES_MODULE = YES;
				DEVELOPMENT_TEAM = Y88YPD4RJA;
				DYLIB_COMPATIBILITY_VERSION = 1;
				DYLIB_CURRENT_VERSION = 1;
				DYLIB_INSTALL_NAME_BASE = "@rpath";
				INFOPLIST_FILE = FiveUI/Info.plist;
				INSTALL_PATH = "$(LOCAL_LIBRARY_DIR)/Frameworks";
				LD_RUNPATH_SEARCH_PATHS = (
					"$(inherited)",
					"@executable_path/Frameworks",
					"@loader_path/Frameworks",
				);
				PRODUCT_BUNDLE_IDENTIFIER = com.varunsanthanam.FiveUI;
				PRODUCT_NAME = "$(TARGET_NAME:c99extidentifier)";
				SKIP_INSTALL = YES;
				SWIFT_VERSION = 5.0;
				TARGETED_DEVICE_FAMILY = "1,2";
			};
			name = Debug;
		};
		070683BC259CFBD2004B7A78 /* Release */ = {
			isa = XCBuildConfiguration;
			buildSettings = {
				CODE_SIGN_STYLE = Automatic;
				DEFINES_MODULE = YES;
				DEVELOPMENT_TEAM = Y88YPD4RJA;
				DYLIB_COMPATIBILITY_VERSION = 1;
				DYLIB_CURRENT_VERSION = 1;
				DYLIB_INSTALL_NAME_BASE = "@rpath";
				INFOPLIST_FILE = FiveUI/Info.plist;
				INSTALL_PATH = "$(LOCAL_LIBRARY_DIR)/Frameworks";
				LD_RUNPATH_SEARCH_PATHS = (
					"$(inherited)",
					"@executable_path/Frameworks",
					"@loader_path/Frameworks",
				);
				PRODUCT_BUNDLE_IDENTIFIER = com.varunsanthanam.FiveUI;
				PRODUCT_NAME = "$(TARGET_NAME:c99extidentifier)";
				SKIP_INSTALL = YES;
				SWIFT_VERSION = 5.0;
				TARGETED_DEVICE_FAMILY = "1,2";
			};
			name = Release;
		};
		070683BE259CFBD2004B7A78 /* Debug */ = {
			isa = XCBuildConfiguration;
			buildSettings = {
				ALWAYS_EMBED_SWIFT_STANDARD_LIBRARIES = YES;
				CODE_SIGN_STYLE = Automatic;
				DEVELOPMENT_TEAM = Y88YPD4RJA;
				INFOPLIST_FILE = FiveUITests/Info.plist;
				LD_RUNPATH_SEARCH_PATHS = (
					"$(inherited)",
					"@executable_path/Frameworks",
					"@loader_path/Frameworks",
				);
				PRODUCT_BUNDLE_IDENTIFIER = com.varunsanthanam.FiveUITests;
				PRODUCT_NAME = "$(TARGET_NAME)";
				SWIFT_VERSION = 5.0;
				TARGETED_DEVICE_FAMILY = "1,2";
			};
			name = Debug;
		};
		070683BF259CFBD2004B7A78 /* Release */ = {
			isa = XCBuildConfiguration;
			buildSettings = {
				ALWAYS_EMBED_SWIFT_STANDARD_LIBRARIES = YES;
				CODE_SIGN_STYLE = Automatic;
				DEVELOPMENT_TEAM = Y88YPD4RJA;
				INFOPLIST_FILE = FiveUITests/Info.plist;
				LD_RUNPATH_SEARCH_PATHS = (
					"$(inherited)",
					"@executable_path/Frameworks",
					"@loader_path/Frameworks",
				);
				PRODUCT_BUNDLE_IDENTIFIER = com.varunsanthanam.FiveUITests;
				PRODUCT_NAME = "$(TARGET_NAME)";
				SWIFT_VERSION = 5.0;
				TARGETED_DEVICE_FAMILY = "1,2";
			};
			name = Release;
		};
/* End XCBuildConfiguration section */

/* Begin XCConfigurationList section */
		070683A0259CFBD2004B7A78 /* Build configuration list for PBXProject "FiveUI" */ = {
			isa = XCConfigurationList;
			buildConfigurations = (
				070683B8259CFBD2004B7A78 /* Debug */,
				070683B9259CFBD2004B7A78 /* Release */,
			);
			defaultConfigurationIsVisible = 0;
			defaultConfigurationName = Release;
		};
		070683BA259CFBD2004B7A78 /* Build configuration list for PBXNativeTarget "FiveUI" */ = {
			isa = XCConfigurationList;
			buildConfigurations = (
				070683BB259CFBD2004B7A78 /* Debug */,
				070683BC259CFBD2004B7A78 /* Release */,
			);
			defaultConfigurationIsVisible = 0;
			defaultConfigurationName = Release;
		};
		070683BD259CFBD2004B7A78 /* Build configuration list for PBXNativeTarget "FiveUITests" */ = {
			isa = XCConfigurationList;
			buildConfigurations = (
				070683BE259CFBD2004B7A78 /* Debug */,
				070683BF259CFBD2004B7A78 /* Release */,
			);
			defaultConfigurationIsVisible = 0;
			defaultConfigurationName = Release;
		};
/* End XCConfigurationList section */
	};
	rootObject = 0706839D259CFBD2004B7A78 /* Project object */;
}
